
Microsoft Visual Studio Solution File, Format Version 11.00
# Visual Studio 2010
# SharpDevelop 4.4
Project("{A33008B1-5DAC-44D5-9060-242E3B6E38F2}") = "pacman boo fr", "pacman boo fr\pacman boo fr.booproj", "{A0606ECF-2E27-4158-9785-A6A7D49035C6}"
EndProject
Global
	GlobalSection(SolutionConfigurationPlatforms) = preSolution
		Debug|Any CPU = Debug|Any CPU
		Release|Any CPU = Release|Any CPU
	EndGlobalSection
	GlobalSection(ProjectConfigurationPlatforms) = postSolution
		{A0606ECF-2E27-4158-9785-A6A7D49035C6}.Debug|Any CPU.Build.0 = Debug|Any CPU
		{A0606ECF-2E27-4158-9785-A6A7D49035C6}.Debug|Any CPU.ActiveCfg = Debug|Any CPU
		{A0606ECF-2E27-4158-9785-A6A7D49035C6}.Release|Any CPU.Build.0 = Release|Any CPU
		{A0606ECF-2E27-4158-9785-A6A7D49035C6}.Release|Any CPU.ActiveCfg = Release|Any CPU
	EndGlobalSection
EndGlobal
